// !$*UTF8*$!
{
	archiveVersion = 1;
	classes = {
	};
	objectVersion = 46;
	objects = {

/* Begin PBXBuildFile section */
		10C00BAE1E35F0390051D1FB /* main.m in Sources */ = {isa = PBXBuildFile; fileRef = 10C00BAD1E35F0390051D1FB /* main.m */; };
		10C00BB11E35F0390051D1FB /* AppDelegate.m in Sources */ = {isa = PBXBuildFile; fileRef = 10C00BB01E35F0390051D1FB /* AppDelegate.m */; };
		10C00BB41E35F0390051D1FB /* ViewController.m in Sources */ = {isa = PBXBuildFile; fileRef = 10C00BB31E35F0390051D1FB /* ViewController.m */; };
		10C00BB71E35F0390051D1FB /* Main.storyboard in Resources */ = {isa = PBXBuildFile; fileRef = 10C00BB51E35F0390051D1FB /* Main.storyboard */; };
		10C00BB91E35F0390051D1FB /* Assets.xcassets in Resources */ = {isa = PBXBuildFile; fileRef = 10C00BB81E35F0390051D1FB /* Assets.xcassets */; };
		10C00BBC1E35F0390051D1FB /* LaunchScreen.storyboard in Resources */ = {isa = PBXBuildFile; fileRef = 10C00BBA1E35F0390051D1FB /* LaunchScreen.storyboard */; };
		10C00BFE1E35F3FD0051D1FB /* NSLayoutConstraint+SSLayout.m in Sources */ = {isa = PBXBuildFile; fileRef = 10C00BFD1E35F3FD0051D1FB /* NSLayoutConstraint+SSLayout.m */; };
		10C00C061E35F4630051D1FB /* NSLayoutConstraint_SSLayoutDemoTests.swift in Sources */ = {isa = PBXBuildFile; fileRef = 10C00C051E35F4620051D1FB /* NSLayoutConstraint_SSLayoutDemoTests.swift */; };
/* End PBXBuildFile section */

/* Begin PBXContainerItemProxy section */
		10C00C081E35F4630051D1FB /* PBXContainerItemProxy */ = {
			isa = PBXContainerItemProxy;
			containerPortal = 10C00BA11E35F0390051D1FB /* Project object */;
			proxyType = 1;
			remoteGlobalIDString = 10C00BA81E35F0390051D1FB;
			remoteInfo = "NSLayoutConstraint+SSLayoutDemo";
		};
/* End PBXContainerItemProxy section */

/* Begin PBXFileReference section */
		10C00BA91E35F0390051D1FB /* NSLayoutConstraint+SSLayoutDemo.app */ = {isa = PBXFileReference; explicitFileType = wrapper.application; includeInIndex = 0; path = "NSLayoutConstraint+SSLayoutDemo.app"; sourceTree = BUILT_PRODUCTS_DIR; };
		10C00BAD1E35F0390051D1FB /* main.m */ = {isa = PBXFileReference; lastKnownFileType = sourcecode.c.objc; path = main.m; sourceTree = "<group>"; };
		10C00BAF1E35F0390051D1FB /* AppDelegate.h */ = {isa = PBXFileReference; lastKnownFileType = sourcecode.c.h; path = AppDelegate.h; sourceTree = "<group>"; };
		10C00BB01E35F0390051D1FB /* AppDelegate.m */ = {isa = PBXFileReference; lastKnownFileType = sourcecode.c.objc; path = AppDelegate.m; sourceTree = "<group>"; };
		10C00BB21E35F0390051D1FB /* ViewController.h */ = {isa = PBXFileReference; lastKnownFileType = sourcecode.c.h; path = ViewController.h; sourceTree = "<group>"; };
		10C00BB31E35F0390051D1FB /* ViewController.m */ = {isa = PBXFileReference; lastKnownFileType = sourcecode.c.objc; path = ViewController.m; sourceTree = "<group>"; };
		10C00BB61E35F0390051D1FB /* Base */ = {isa = PBXFileReference; lastKnownFileType = file.storyboard; name = Base; path = Base.lproj/Main.storyboard; sourceTree = "<group>"; };
		10C00BB81E35F0390051D1FB /* Assets.xcassets */ = {isa = PBXFileReference; lastKnownFileType = folder.assetcatalog; path = Assets.xcassets; sourceTree = "<group>"; };
		10C00BBB1E35F0390051D1FB /* Base */ = {isa = PBXFileReference; lastKnownFileType = file.storyboard; name = Base; path = Base.lproj/LaunchScreen.storyboard; sourceTree = "<group>"; };
		10C00BBD1E35F0390051D1FB /* Info.plist */ = {isa = PBXFileReference; lastKnownFileType = text.plist.xml; path = Info.plist; sourceTree = "<group>"; };
		10C00BFC1E35F3FD0051D1FB /* NSLayoutConstraint+SSLayout.h */ = {isa = PBXFileReference; fileEncoding = 4; lastKnownFileType = sourcecode.c.h; path = "NSLayoutConstraint+SSLayout.h"; sourceTree = "<group>"; };
		10C00BFD1E35F3FD0051D1FB /* NSLayoutConstraint+SSLayout.m */ = {isa = PBXFileReference; fileEncoding = 4; lastKnownFileType = sourcecode.c.objc; path = "NSLayoutConstraint+SSLayout.m"; sourceTree = "<group>"; };
		10C00C031E35F4620051D1FB /* NSLayoutConstraint+SSLayoutDemoTests.xctest */ = {isa = PBXFileReference; explicitFileType = wrapper.cfbundle; includeInIndex = 0; path = "NSLayoutConstraint+SSLayoutDemoTests.xctest"; sourceTree = BUILT_PRODUCTS_DIR; };
		10C00C051E35F4620051D1FB /* NSLayoutConstraint_SSLayoutDemoTests.swift */ = {isa = PBXFileReference; lastKnownFileType = sourcecode.swift; path = NSLayoutConstraint_SSLayoutDemoTests.swift; sourceTree = "<group>"; };
		10C00C071E35F4630051D1FB /* Info.plist */ = {isa = PBXFileReference; lastKnownFileType = text.plist.xml; path = Info.plist; sourceTree = "<group>"; };
		10C00C0E1E35F4AD0051D1FB /* BridgingHeader.h */ = {isa = PBXFileReference; lastKnownFileType = sourcecode.c.h; path = BridgingHeader.h; sourceTree = "<group>"; };
/* End PBXFileReference section */

/* Begin PBXFrameworksBuildPhase section */
		10C00BA61E35F0390051D1FB /* Frameworks */ = {
			isa = PBXFrameworksBuildPhase;
			buildActionMask = 2147483647;
			files = (
			);
			runOnlyForDeploymentPostprocessing = 0;
		};
		10C00C001E35F4620051D1FB /* Frameworks */ = {
			isa = PBXFrameworksBuildPhase;
			buildActionMask = 2147483647;
			files = (
			);
			runOnlyForDeploymentPostprocessing = 0;
		};
/* End PBXFrameworksBuildPhase section */

/* Begin PBXGroup section */
		10C00BA01E35F0390051D1FB = {
			isa = PBXGroup;
			children = (
				10C00BFB1E35F3FD0051D1FB /* Source */,
				10C00BAB1E35F0390051D1FB /* NSLayoutConstraint+SSLayoutDemo */,
				10C00C041E35F4620051D1FB /* NSLayoutConstraint+SSLayoutDemoTests */,
				10C00BAA1E35F0390051D1FB /* Products */,
			);
			sourceTree = "<group>";
		};
		10C00BAA1E35F0390051D1FB /* Products */ = {
			isa = PBXGroup;
			children = (
				10C00BA91E35F0390051D1FB /* NSLayoutConstraint+SSLayoutDemo.app */,
				10C00C031E35F4620051D1FB /* NSLayoutConstraint+SSLayoutDemoTests.xctest */,
			);
			name = Products;
			sourceTree = "<group>";
		};
		10C00BAB1E35F0390051D1FB /* NSLayoutConstraint+SSLayoutDemo */ = {
			isa = PBXGroup;
			children = (
				10C00BAF1E35F0390051D1FB /* AppDelegate.h */,
				10C00BB01E35F0390051D1FB /* AppDelegate.m */,
				10C00BB21E35F0390051D1FB /* ViewController.h */,
				10C00BB31E35F0390051D1FB /* ViewController.m */,
				10C00BB51E35F0390051D1FB /* Main.storyboard */,
				10C00BB81E35F0390051D1FB /* Assets.xcassets */,
				10C00BBA1E35F0390051D1FB /* LaunchScreen.storyboard */,
				10C00BBD1E35F0390051D1FB /* Info.plist */,
				10C00BAC1E35F0390051D1FB /* Supporting Files */,
			);
			path = "NSLayoutConstraint+SSLayoutDemo";
			sourceTree = "<group>";
		};
		10C00BAC1E35F0390051D1FB /* Supporting Files */ = {
			isa = PBXGroup;
			children = (
				10C00BAD1E35F0390051D1FB /* main.m */,
			);
			name = "Supporting Files";
			sourceTree = "<group>";
		};
		10C00BFB1E35F3FD0051D1FB /* Source */ = {
			isa = PBXGroup;
			children = (
				10C00BFC1E35F3FD0051D1FB /* NSLayoutConstraint+SSLayout.h */,
				10C00BFD1E35F3FD0051D1FB /* NSLayoutConstraint+SSLayout.m */,
			);
			name = Source;
			path = ../Source;
			sourceTree = "<group>";
		};
		10C00C041E35F4620051D1FB /* NSLayoutConstraint+SSLayoutDemoTests */ = {
			isa = PBXGroup;
			children = (
				10C00C051E35F4620051D1FB /* NSLayoutConstraint_SSLayoutDemoTests.swift */,
				10C00C071E35F4630051D1FB /* Info.plist */,
				10C00C0E1E35F4AD0051D1FB /* BridgingHeader.h */,
			);
			path = "NSLayoutConstraint+SSLayoutDemoTests";
			sourceTree = "<group>";
		};
/* End PBXGroup section */

/* Begin PBXNativeTarget section */
		10C00BA81E35F0390051D1FB /* NSLayoutConstraint+SSLayoutDemo */ = {
			isa = PBXNativeTarget;
			buildConfigurationList = 10C00BCB1E35F0390051D1FB /* Build configuration list for PBXNativeTarget "NSLayoutConstraint+SSLayoutDemo" */;
			buildPhases = (
				10C00BA51E35F0390051D1FB /* Sources */,
				10C00BA61E35F0390051D1FB /* Frameworks */,
				10C00BA71E35F0390051D1FB /* Resources */,
			);
			buildRules = (
			);
			dependencies = (
			);
			name = "NSLayoutConstraint+SSLayoutDemo";
			productName = "NSLayoutConstraint+SSLayoutDemo";
			productReference = 10C00BA91E35F0390051D1FB /* NSLayoutConstraint+SSLayoutDemo.app */;
			productType = "com.apple.product-type.application";
		};
		10C00C021E35F4620051D1FB /* NSLayoutConstraint+SSLayoutDemoTests */ = {
			isa = PBXNativeTarget;
			buildConfigurationList = 10C00C0A1E35F4630051D1FB /* Build configuration list for PBXNativeTarget "NSLayoutConstraint+SSLayoutDemoTests" */;
			buildPhases = (
				10C00BFF1E35F4620051D1FB /* Sources */,
				10C00C001E35F4620051D1FB /* Frameworks */,
				10C00C011E35F4620051D1FB /* Resources */,
			);
			buildRules = (
			);
			dependencies = (
				10C00C091E35F4630051D1FB /* PBXTargetDependency */,
			);
			name = "NSLayoutConstraint+SSLayoutDemoTests";
			productName = "NSLayoutConstraint+SSLayoutDemoTests";
			productReference = 10C00C031E35F4620051D1FB /* NSLayoutConstraint+SSLayoutDemoTests.xctest */;
			productType = "com.apple.product-type.bundle.unit-test";
		};
/* End PBXNativeTarget section */

/* Begin PBXProject section */
		10C00BA11E35F0390051D1FB /* Project object */ = {
			isa = PBXProject;
			attributes = {
				LastSwiftUpdateCheck = 0820;
				LastUpgradeCheck = 0820;
				ORGANIZATIONNAME = ruihai;
				TargetAttributes = {
					10C00BA81E35F0390051D1FB = {
						CreatedOnToolsVersion = 8.2;
						DevelopmentTeam = V3R6YJH9SJ;
						ProvisioningStyle = Automatic;
					};
					10C00C021E35F4620051D1FB = {
						CreatedOnToolsVersion = 8.2;
						DevelopmentTeam = V3R6YJH9SJ;
						ProvisioningStyle = Automatic;
						TestTargetID = 10C00BA81E35F0390051D1FB;
					};
				};
			};
			buildConfigurationList = 10C00BA41E35F0390051D1FB /* Build configuration list for PBXProject "NSLayoutConstraint+SSLayoutDemo" */;
			compatibilityVersion = "Xcode 3.2";
			developmentRegion = English;
			hasScannedForEncodings = 0;
			knownRegions = (
				en,
				Base,
			);
			mainGroup = 10C00BA01E35F0390051D1FB;
			productRefGroup = 10C00BAA1E35F0390051D1FB /* Products */;
			projectDirPath = "";
			projectRoot = "";
			targets = (
				10C00BA81E35F0390051D1FB /* NSLayoutConstraint+SSLayoutDemo */,
				10C00C021E35F4620051D1FB /* NSLayoutConstraint+SSLayoutDemoTests */,
			);
		};
/* End PBXProject section */

/* Begin PBXResourcesBuildPhase section */
		10C00BA71E35F0390051D1FB /* Resources */ = {
			isa = PBXResourcesBuildPhase;
			buildActionMask = 2147483647;
			files = (
				10C00BBC1E35F0390051D1FB /* LaunchScreen.storyboard in Resources */,
				10C00BB91E35F0390051D1FB /* Assets.xcassets in Resources */,
				10C00BB71E35F0390051D1FB /* Main.storyboard in Resources */,
			);
			runOnlyForDeploymentPostprocessing = 0;
		};
		10C00C011E35F4620051D1FB /* Resources */ = {
			isa = PBXResourcesBuildPhase;
			buildActionMask = 2147483647;
			files = (
			);
			runOnlyForDeploymentPostprocessing = 0;
		};
/* End PBXResourcesBuildPhase section */

/* Begin PBXSourcesBuildPhase section */
		10C00BA51E35F0390051D1FB /* Sources */ = {
			isa = PBXSourcesBuildPhase;
			buildActionMask = 2147483647;
			files = (
				10C00BB41E35F0390051D1FB /* ViewController.m in Sources */,
				10C00BB11E35F0390051D1FB /* AppDelegate.m in Sources */,
				10C00BAE1E35F0390051D1FB /* main.m in Sources */,
				10C00BFE1E35F3FD0051D1FB /* NSLayoutConstraint+SSLayout.m in Sources */,
			);
			runOnlyForDeploymentPostprocessing = 0;
		};
		10C00BFF1E35F4620051D1FB /* Sources */ = {
			isa = PBXSourcesBuildPhase;
			buildActionMask = 2147483647;
			files = (
				10C00C061E35F4630051D1FB /* NSLayoutConstraint_SSLayoutDemoTests.swift in Sources */,
			);
			runOnlyForDeploymentPostprocessing = 0;
		};
/* End PBXSourcesBuildPhase section */

/* Begin PBXTargetDependency section */
		10C00C091E35F4630051D1FB /* PBXTargetDependency */ = {
			isa = PBXTargetDependency;
			target = 10C00BA81E35F0390051D1FB /* NSLayoutConstraint+SSLayoutDemo */;
			targetProxy = 10C00C081E35F4630051D1FB /* PBXContainerItemProxy */;
		};
/* End PBXTargetDependency section */

/* Begin PBXVariantGroup section */
		10C00BB51E35F0390051D1FB /* Main.storyboard */ = {
			isa = PBXVariantGroup;
			children = (
				10C00BB61E35F0390051D1FB /* Base */,
			);
			name = Main.storyboard;
			sourceTree = "<group>";
		};
		10C00BBA1E35F0390051D1FB /* LaunchScreen.storyboard */ = {
			isa = PBXVariantGroup;
			children = (
				10C00BBB1E35F0390051D1FB /* Base */,
			);
			name = LaunchScreen.storyboard;
			sourceTree = "<group>";
		};
/* End PBXVariantGroup section */

/* Begin XCBuildConfiguration section */
		10C00BC91E35F0390051D1FB /* Debug */ = {
			isa = XCBuildConfiguration;
			buildSettings = {
				ALWAYS_SEARCH_USER_PATHS = NO;
				CLANG_ANALYZER_NONNULL = YES;
				CLANG_CXX_LANGUAGE_STANDARD = "gnu++0x";
				CLANG_CXX_LIBRARY = "libc++";
				CLANG_ENABLE_MODULES = YES;
				CLANG_ENABLE_OBJC_ARC = YES;
				CLANG_WARN_BOOL_CONVERSION = YES;
				CLANG_WARN_CONSTANT_CONVERSION = YES;
				CLANG_WARN_DIRECT_OBJC_ISA_USAGE = YES_ERROR;
				CLANG_WARN_DOCUMENTATION_COMMENTS = YES;
				CLANG_WARN_EMPTY_BODY = YES;
				CLANG_WARN_ENUM_CONVERSION = YES;
				CLANG_WARN_INFINITE_RECURSION = YES;
				CLANG_WARN_INT_CONVERSION = YES;
				CLANG_WARN_OBJC_ROOT_CLASS = YES_ERROR;
				CLANG_WARN_SUSPICIOUS_MOVE = YES;
				CLANG_WARN_UNREACHABLE_CODE = YES;
				CLANG_WARN__DUPLICATE_METHOD_MATCH = YES;
				"CODE_SIGN_IDENTITY[sdk=iphoneos*]" = "iPhone Developer";
				COPY_PHASE_STRIP = NO;
				DEBUG_INFORMATION_FORMAT = dwarf;
				ENABLE_STRICT_OBJC_MSGSEND = YES;
				ENABLE_TESTABILITY = YES;
				GCC_C_LANGUAGE_STANDARD = gnu99;
				GCC_DYNAMIC_NO_PIC = NO;
				GCC_NO_COMMON_BLOCKS = YES;
				GCC_OPTIMIZATION_LEVEL = 0;
				GCC_PREPROCESSOR_DEFINITIONS = (
					"DEBUG=1",
					"$(inherited)",
				);
				GCC_WARN_64_TO_32_BIT_CONVERSION = YES;
				GCC_WARN_ABOUT_RETURN_TYPE = YES_ERROR;
				GCC_WARN_UNDECLARED_SELECTOR = YES;
				GCC_WARN_UNINITIALIZED_AUTOS = YES_AGGRESSIVE;
				GCC_WARN_UNUSED_FUNCTION = YES;
				GCC_WARN_UNUSED_VARIABLE = YES;
				IPHONEOS_DEPLOYMENT_TARGET = 10.2;
				MTL_ENABLE_DEBUG_INFO = YES;
				ONLY_ACTIVE_ARCH = YES;
				SDKROOT = iphoneos;
			};
			name = Debug;
		};
		10C00BCA1E35F0390051D1FB /* Release */ = {
			isa = XCBuildConfiguration;
			buildSettings = {
				ALWAYS_SEARCH_USER_PATHS = NO;
				CLANG_ANALYZER_NONNULL = YES;
				CLANG_CXX_LANGUAGE_STANDARD = "gnu++0x";
				CLANG_CXX_LIBRARY = "libc++";
				CLANG_ENABLE_MODULES = YES;
				CLANG_ENABLE_OBJC_ARC = YES;
				CLANG_WARN_BOOL_CONVERSION = YES;
				CLANG_WARN_CONSTANT_CONVERSION = YES;
				CLANG_WARN_DIRECT_OBJC_ISA_USAGE = YES_ERROR;
				CLANG_WARN_DOCUMENTATION_COMMENTS = YES;
				CLANG_WARN_EMPTY_BODY = YES;
				CLANG_WARN_ENUM_CONVERSION = YES;
				CLANG_WARN_INFINITE_RECURSION = YES;
				CLANG_WARN_INT_CONVERSION = YES;
				CLANG_WARN_OBJC_ROOT_CLASS = YES_ERROR;
				CLANG_WARN_SUSPICIOUS_MOVE = YES;
				CLANG_WARN_UNREACHABLE_CODE = YES;
				CLANG_WARN__DUPLICATE_METHOD_MATCH = YES;
				"CODE_SIGN_IDENTITY[sdk=iphoneos*]" = "iPhone Developer";
				COPY_PHASE_STRIP = NO;
				DEBUG_INFORMATION_FORMAT = "dwarf-with-dsym";
				ENABLE_NS_ASSERTIONS = NO;
				ENABLE_STRICT_OBJC_MSGSEND = YES;
				GCC_C_LANGUAGE_STANDARD = gnu99;
				GCC_NO_COMMON_BLOCKS = YES;
				GCC_WARN_64_TO_32_BIT_CONVERSION = YES;
				GCC_WARN_ABOUT_RETURN_TYPE = YES_ERROR;
				GCC_WARN_UNDECLARED_SELECTOR = YES;
				GCC_WARN_UNINITIALIZED_AUTOS = YES_AGGRESSIVE;
				GCC_WARN_UNUSED_FUNCTION = YES;
				GCC_WARN_UNUSED_VARIABLE = YES;
				IPHONEOS_DEPLOYMENT_TARGET = 10.2;
				MTL_ENABLE_DEBUG_INFO = NO;
				SDKROOT = iphoneos;
				VALIDATE_PRODUCT = YES;
			};
			name = Release;
		};
		10C00BCC1E35F0390051D1FB /* Debug */ = {
			isa = XCBuildConfiguration;
			buildSettings = {
				ASSETCATALOG_COMPILER_APPICON_NAME = AppIcon;
				DEVELOPMENT_TEAM = V3R6YJH9SJ;
				INFOPLIST_FILE = "NSLayoutConstraint+SSLayoutDemo/Info.plist";
				IPHONEOS_DEPLOYMENT_TARGET = 8.0;
				LD_RUNPATH_SEARCH_PATHS = "$(inherited) @executable_path/Frameworks";
				PRODUCT_BUNDLE_IDENTIFIER = "com.ruihai.NSLayoutConstraint-SSLayoutDemo";
				PRODUCT_NAME = "$(TARGET_NAME)";
			};
			name = Debug;
		};
		10C00BCD1E35F0390051D1FB /* Release */ = {
			isa = XCBuildConfiguration;
			buildSettings = {
				ASSETCATALOG_COMPILER_APPICON_NAME = AppIcon;
				DEVELOPMENT_TEAM = V3R6YJH9SJ;
				INFOPLIST_FILE = "NSLayoutConstraint+SSLayoutDemo/Info.plist";
				IPHONEOS_DEPLOYMENT_TARGET = 8.0;
				LD_RUNPATH_SEARCH_PATHS = "$(inherited) @executable_path/Frameworks";
				PRODUCT_BUNDLE_IDENTIFIER = "com.ruihai.NSLayoutConstraint-SSLayoutDemo";
				PRODUCT_NAME = "$(TARGET_NAME)";
			};
			name = Release;
		};
		10C00C0B1E35F4630051D1FB /* Debug */ = {
			isa = XCBuildConfiguration;
			buildSettings = {
				BUNDLE_LOADER = "$(TEST_HOST)";
				DEVELOPMENT_TEAM = V3R6YJH9SJ;
				INFOPLIST_FILE = "NSLayoutConstraint+SSLayoutDemoTests/Info.plist";
				LD_RUNPATH_SEARCH_PATHS = "$(inherited) @executable_path/Frameworks @loader_path/Frameworks";
				PRODUCT_BUNDLE_IDENTIFIER = "com.ruihai.NSLayoutConstraint-SSLayoutDemoTests";
				PRODUCT_NAME = "$(TARGET_NAME)";
				SWIFT_ACTIVE_COMPILATION_CONDITIONS = DEBUG;
				SWIFT_OBJC_BRIDGING_HEADER = "NSLayoutConstraint+SSLayoutDemoTests/BridgingHeader.h";
				SWIFT_OPTIMIZATION_LEVEL = "-Onone";
				SWIFT_VERSION = 3.0;
				TEST_HOST = "$(BUILT_PRODUCTS_DIR)/NSLayoutConstraint+SSLayoutDemo.app/NSLayoutConstraint+SSLayoutDemo";
			};
			name = Debug;
		};
		10C00C0C1E35F4630051D1FB /* Release */ = {
			isa = XCBuildConfiguration;
			buildSettings = {
				BUNDLE_LOADER = "$(TEST_HOST)";
				DEVELOPMENT_TEAM = V3R6YJH9SJ;
				INFOPLIST_FILE = "NSLayoutConstraint+SSLayoutDemoTests/Info.plist";
				LD_RUNPATH_SEARCH_PATHS = "$(inherited) @executable_path/Frameworks @loader_path/Frameworks";
				PRODUCT_BUNDLE_IDENTIFIER = "com.ruihai.NSLayoutConstraint-SSLayoutDemoTests";
				PRODUCT_NAME = "$(TARGET_NAME)";
				SWIFT_OBJC_BRIDGING_HEADER = "NSLayoutConstraint+SSLayoutDemoTests/BridgingHeader.h";
				SWIFT_OPTIMIZATION_LEVEL = "-Owholemodule";
				SWIFT_VERSION = 3.0;
				TEST_HOST = "$(BUILT_PRODUCTS_DIR)/NSLayoutConstraint+SSLayoutDemo.app/NSLayoutConstraint+SSLayoutDemo";
			};
			name = Release;
		};
/* End XCBuildConfiguration section */

/* Begin XCConfigurationList section */
		10C00BA41E35F0390051D1FB /* Build configuration list for PBXProject "NSLayoutConstraint+SSLayoutDemo" */ = {
			isa = XCConfigurationList;
			buildConfigurations = (
				10C00BC91E35F0390051D1FB /* Debug */,
				10C00BCA1E35F0390051D1FB /* Release */,
			);
			defaultConfigurationIsVisible = 0;
			defaultConfigurationName = Release;
		};
		10C00BCB1E35F0390051D1FB /* Build configuration list for PBXNativeTarget "NSLayoutConstraint+SSLayoutDemo" */ = {
			isa = XCConfigurationList;
			buildConfigurations = (
				10C00BCC1E35F0390051D1FB /* Debug */,
				10C00BCD1E35F0390051D1FB /* Release */,
			);
			defaultConfigurationIsVisible = 0;
			defaultConfigurationName = Release;
		};
		10C00C0A1E35F4630051D1FB /* Build configuration list for PBXNativeTarget "NSLayoutConstraint+SSLayoutDemoTests" */ = {
			isa = XCConfigurationList;
			buildConfigurations = (
				10C00C0B1E35F4630051D1FB /* Debug */,
				10C00C0C1E35F4630051D1FB /* Release */,
			);
			defaultConfigurationIsVisible = 0;
			defaultConfigurationName = Release;
		};
/* End XCConfigurationList section */
	};
	rootObject = 10C00BA11E35F0390051D1FB /* Project object */;
}
